<?xml version="1.0" encoding="utf-8"?>
<Project ToolsVersion="4.0" xmlns="http://schemas.microsoft.com/developer/msbuild/2003">
  <ItemGroup>
    <Filter Include="Source Files">
      <UniqueIdentifier>{4FC737F1-C7A5-4376-A066-2A32D752A2FF}</UniqueIdentifier>
      <Extensions>cpp;c;cc;cxx;def;odl;idl;hpj;bat;asm;asmx</Extensions>
    </Filter>
    <Filter Include="Header Files">
      <UniqueIdentifier>{93995380-89BD-4b04-88EB-625FBE52EBFB}</UniqueIdentifier>
      <Extensions>h;hpp;hxx;hm;inl;inc;xsd</Extensions>
    </Filter>
    <Filter Include="Resource Files">
      <UniqueIdentifier>{67DA6AB6-F800-4c08-8B7A-83BB121AAD01}</UniqueIdentifier>
      <Extensions>rc;ico;cur;bmp;dlg;rc2;rct;bin;rgs;gif;jpg;jpeg;jpe;resx;tiff;tif;png;wav</Extensions>
    </Filter>
  </ItemGroup>
  <ItemGroup>
    <ClCompile Include="src\http_client.cc">
      <Filter>Source Files</Filter>
    </ClCompile>
    <ClCompile Include="src\http_server.cc">
      <Filter>Source Files</Filter>
    </ClCompile>
    <ClCompile Include="src\thread_pool.cc">
      <Filter>Source Files</Filter>
    </ClCompile>
    <ClCompile Include="src\utils.cc">
      <Filter>Source Files</Filter>
    </ClCompile>
    <ClCompile Include="src\config.cc">
      <Filter>Source Files</Filter>
    </ClCompile>
    <ClCompile Include="src\dllMain.cc">
      <Filter>Source Files</Filter>
    </ClCompile>
    <ClCompile Include="src\account_mgr.cc">
      <Filter>Source Files</Filter>
    </ClCompile>
    <ClCompile Include="src\base_mgr.cc">
      <Filter>Source Files</Filter>
    </ClCompile>
    <ClCompile Include="src\chat_room_mgr.cc">
      <Filter>Source Files</Filter>
    </ClCompile>
    <ClCompile Include="src\db.cc">
      <Filter>Source Files</Filter>
    </ClCompile>
    <ClCompile Include="src\global_context.cc">
      <Filter>Source Files</Filter>
    </ClCompile>
    <ClCompile Include="src\hide_module.cc">
      <Filter>Source Files</Filter>
    </ClCompile>
    <ClCompile Include="src\hooks.cc">
      <Filter>Source Files</Filter>
    </ClCompile>
    <ClCompile Include="src\http_handler.cc">
      <Filter>Source Files</Filter>
    </ClCompile>
    <ClCompile Include="src\log.cc">
      <Filter>Source Files</Filter>
    </ClCompile>
    <ClCompile Include="src\misc_mgr.cc">
      <Filter>Source Files</Filter>
    </ClCompile>
    <ClCompile Include="src\send_message_mgr.cc">
      <Filter>Source Files</Filter>
    </ClCompile>
    <ClCompile Include="src\sns_mgr.cc">
      <Filter>Source Files</Filter>
    </ClCompile>
    <ClCompile Include="src\contact_mgr.cc">
      <Filter>Source Files</Filter>
    </ClCompile>
  </ItemGroup>
  <ItemGroup>
    <ClInclude Include="resource.h">
      <Filter>Header Files</Filter>
    </ClInclude>
    <ClInclude Include="inc\base64.h">
      <Filter>Header Files</Filter>
    </ClInclude>
    <ClInclude Include="inc\config.h">
      <Filter>Header Files</Filter>
    </ClInclude>
    <ClInclude Include="inc\http_client.h">
      <Filter>Header Files</Filter>
    </ClInclude>
    <ClInclude Include="inc\http_router.h">
      <Filter>Header Files</Filter>
    </ClInclude>
    <ClInclude Include="inc\http_server.h">
      <Filter>Header Files</Filter>
    </ClInclude>
    <ClInclude Include="inc\wechat_function.h">
      <Filter>Header Files</Filter>
    </ClInclude>
    <ClInclude Include="inc\db.h">
      <Filter>Header Files</Filter>
    </ClInclude>
    <ClInclude Include="inc\sns_mgr.h">
      <Filter>Header Files</Filter>
    </ClInclude>
    <ClInclude Include="inc\log.h">
      <Filter>Header Files</Filter>
    </ClInclude>
    <ClInclude Include="inc\account_mgr.h">
      <Filter>Header Files</Filter>
    </ClInclude>
    <ClInclude Include="inc\api_route.h">
      <Filter>Header Files</Filter>
    </ClInclude>
    <ClInclude Include="inc\base_mgr.h">
      <Filter>Header Files</Filter>
    </ClInclude>
    <ClInclude Include="inc\chat_room_mgr.h">
      <Filter>Header Files</Filter>
    </ClInclude>
    <ClInclude Include="inc\contact_mgr.h">
      <Filter>Header Files</Filter>
    </ClInclude>
    <ClInclude Include="inc\global_context.h">
      <Filter>Header Files</Filter>
    </ClInclude>
    <ClInclude Include="inc\handler.h">
      <Filter>Header Files</Filter>
    </ClInclude>
    <ClInclude Include="inc\hide_module.h">
      <Filter>Header Files</Filter>
    </ClInclude>
    <ClInclude Include="inc\hooks.h">
      <Filter>Header Files</Filter>
    </ClInclude>
    <ClInclude Include="inc\framework.h">
      <Filter>Header Files</Filter>
    </ClInclude>
    <ClInclude Include="inc\http_handler.h">
      <Filter>Header Files</Filter>
    </ClInclude>
    <ClInclude Include="inc\misc_mgr.h">
      <Filter>Header Files</Filter>
    </ClInclude>
    <ClInclude Include="inc\new_sqlite3.h">
      <Filter>Header Files</Filter>
    </ClInclude>
    <ClInclude Include="inc\send_message_mgr.h">
      <Filter>Header Files</Filter>
    </ClInclude>
    <ClInclude Include="inc\utils.h">
      <Filter>Header Files</Filter>
    </ClInclude>
    <ClInclude Include="inc\singleton.h">
      <Filter>Header Files</Filter>
    </ClInclude>
    <ClInclude Include="inc\thread_pool.h">
      <Filter>Header Files</Filter>
    </ClInclude>
  </ItemGroup>
  <ItemGroup>
    <ResourceCompile Include="wxhelper.rc">
      <Filter>Resource Files</Filter>
    </ResourceCompile>
  </ItemGroup>
</Project>